
Microsoft Visual Studio Solution File, Format Version 12.00
# Visual Studio Version 16
VisualStudioVersion = 16.0.30717.126
MinimumVisualStudioVersion = 10.0.40219.1
Project("{FAE04EC0-301F-11D3-BF4B-00C04F79EFBC}") = "IT9000.Shared", "IT9000.Shared\IT9000.Shared.csproj", "{FD167CFF-D5E4-4377-9CA5-B9BBB707CA58}"
EndProject
Project("{FAE04EC0-301F-11D3-BF4B-00C04F79EFBC}") = "PV6900", "PV6900\PV6900.csproj", "{8443C176-BC80-4054-83E0-29592779C450}"
EndProject
Global
	GlobalSection(SolutionConfigurationPlatforms) = preSolution
		Debug|Any CPU = Debug|Any CPU
		Release|Any CPU = Release|Any CPU
	EndGlobalSection
	GlobalSection(ProjectConfigurationPlatforms) = postSolution
		{FD167CFF-D5E4-4377-9CA5-B9BBB707CA58}.Debug|Any CPU.ActiveCfg = Debug|Any CPU
		{FD167CFF-D5E4-4377-9CA5-B9BBB707CA58}.Debug|Any CPU.Build.0 = Debug|Any CPU
		{FD167CFF-D5E4-4377-9CA5-B9BBB707CA58}.Release|Any CPU.ActiveCfg = Release|Any CPU
		{FD167CFF-D5E4-4377-9CA5-B9BBB707CA58}.Release|Any CPU.Build.0 = Release|Any CPU
		{8443C176-BC80-4054-83E0-29592779C450}.Debug|Any CPU.ActiveCfg = Debug|Any CPU
		{8443C176-BC80-4054-83E0-29592779C450}.Debug|Any CPU.Build.0 = Debug|Any CPU
		{8443C176-BC80-4054-83E0-29592779C450}.Release|Any CPU.ActiveCfg = Release|Any CPU
		{8443C176-BC80-4054-83E0-29592779C450}.Release|Any CPU.Build.0 = Release|Any CPU
	EndGlobalSection
	GlobalSection(SolutionProperties) = preSolution
		HideSolutionNode = FALSE
	EndGlobalSection
	GlobalSection(ExtensibilityGlobals) = postSolution
		SolutionGuid = {F6874110-94B9-41D0-B7B9-AB9C221C5349}
	EndGlobalSection
EndGlobal
